
Microsoft Visual Studio Solution File, Format Version 12.00
# Visual Studio Version 16
VisualStudioVersion = 16.0.30320.27
MinimumVisualStudioVersion = 10.0.40219.1
Project("{FAE04EC0-301F-11D3-BF4B-00C04F79EFBC}") = "RhinoPythonShell", "RhinoPythonShell.csproj", "{F2D01CF1-5A23-4DD2-80BE-0913EC0D9F08}"
	ProjectSection(ProjectDependencies) = postProject
		{F1152D68-346B-4F48-8DB7-BE67B5CB1F49} = {F1152D68-346B-4F48-8DB7-BE67B5CB1F49}
	EndProjectSection
EndProject
Project("{FAE04EC0-301F-11D3-BF4B-00C04F79EFBC}") = "PythonConsoleControl", "PythonConsoleControl\PythonConsoleControl.csproj", "{F1152D68-346B-4F48-8DB7-BE67B5CB1F49}"
EndProject
Global
	GlobalSection(SolutionConfigurationPlatforms) = preSolution
		Debug|Any CPU = Debug|Any CPU
		Debug|x64 = Debug|x64
		Release|Any CPU = Release|Any CPU
		Release|x64 = Release|x64
	EndGlobalSection
	GlobalSection(ProjectConfigurationPlatforms) = postSolution
		{F2D01CF1-5A23-4DD2-80BE-0913EC0D9F08}.Debug|Any CPU.ActiveCfg = Debug|Any CPU
		{F2D01CF1-5A23-4DD2-80BE-0913EC0D9F08}.Debug|Any CPU.Build.0 = Debug|Any CPU
		{F2D01CF1-5A23-4DD2-80BE-0913EC0D9F08}.Debug|x64.ActiveCfg = Debug|Any CPU
		{F2D01CF1-5A23-4DD2-80BE-0913EC0D9F08}.Debug|x64.Build.0 = Debug|Any CPU
		{F2D01CF1-5A23-4DD2-80BE-0913EC0D9F08}.Release|Any CPU.ActiveCfg = Release|Any CPU
		{F2D01CF1-5A23-4DD2-80BE-0913EC0D9F08}.Release|Any CPU.Build.0 = Release|Any CPU
		{F2D01CF1-5A23-4DD2-80BE-0913EC0D9F08}.Release|x64.ActiveCfg = Release|Any CPU
		{F2D01CF1-5A23-4DD2-80BE-0913EC0D9F08}.Release|x64.Build.0 = Release|Any CPU
		{F1152D68-346B-4F48-8DB7-BE67B5CB1F49}.Debug|Any CPU.ActiveCfg = Debug|Any CPU
		{F1152D68-346B-4F48-8DB7-BE67B5CB1F49}.Debug|Any CPU.Build.0 = Debug|Any CPU
		{F1152D68-346B-4F48-8DB7-BE67B5CB1F49}.Debug|x64.ActiveCfg = Debug|x64
		{F1152D68-346B-4F48-8DB7-BE67B5CB1F49}.Debug|x64.Build.0 = Debug|x64
		{F1152D68-346B-4F48-8DB7-BE67B5CB1F49}.Release|Any CPU.ActiveCfg = Release|Any CPU
		{F1152D68-346B-4F48-8DB7-BE67B5CB1F49}.Release|Any CPU.Build.0 = Release|Any CPU
		{F1152D68-346B-4F48-8DB7-BE67B5CB1F49}.Release|x64.ActiveCfg = Release|x64
		{F1152D68-346B-4F48-8DB7-BE67B5CB1F49}.Release|x64.Build.0 = Release|x64
	EndGlobalSection
	GlobalSection(SolutionProperties) = preSolution
		HideSolutionNode = FALSE
	EndGlobalSection
	GlobalSection(ExtensibilityGlobals) = postSolution
		SolutionGuid = {40A7F63F-1358-4381-831C-41543B8B44F4}
	EndGlobalSection
EndGlobal
